<?xml version="1.0" encoding="UTF-8" standalone="yes" ?>
<CodeBlocks_project_file>
	<FileVersion major="1" minor="6" />
	<Project>
		<Option title="Snake 3.0" />
		<Option pch_mode="2" />
		<Option compiler="gcc" />
		<Option check_files="0" />
		<Build>
			<Target title="Debug">
				<Option output="bin/Debug/Snake 3" prefix_auto="1" extension_auto="1" />
				<Option object_output="obj/Debug/" />
				<Option type="0" />
				<Option compiler="gcc" />
				<Compiler>
					<Add option="-g" />
				</Compiler>
			</Target>
			<Target title="Release">
				<Option output="bin/Release/Snake 3" prefix_auto="1" extension_auto="1" />
				<Option object_output="obj/Release/" />
				<Option type="1" />
				<Option compiler="gcc" />
				<Compiler>
					<Add option="-O2" />
				</Compiler>
				<Linker>
					<Add option="-s" />
				</Linker>
			</Target>
		</Build>
		<Compiler>
			<Add option="-Wall" />
		</Compiler>
		<Linker>
			<Add option="-lmingw32 -lSDL2main -lSDL2 -lSDL2_image -lSDL2_ttf -lSDL2_mixer" />
		</Linker>
		<Unit filename="controlGame.cpp" />
		<Unit filename="controlGame.h" />
		<Unit filename="handleEvent.cpp" />
		<Unit filename="handleEvent.h" />
		<Unit filename="main.cpp" />
		<Unit filename="renderImage.cpp" />
		<Unit filename="renderImage.h" />
		<Unit filename="renderSnake.cpp" />
		<Unit filename="renderSnake.h" />
		<Unit filename="renderSound.cpp" />
		<Unit filename="renderSound.h" />
		<Extensions>
			<code_completion />
			<envvars />
			<debugger />
			<lib_finder disable_auto="1" />
		</Extensions>
	</Project>
</CodeBlocks_project_file>
